// !$*UTF8*$!
{
	archiveVersion = 1;
	classes = {
	};
	objectVersion = 51;
	objects = {

/* Begin PBXBuildFile section */
		AE9D32195411FBA337EBA84C /* Pods_ProKG.framework in Frameworks */ = {isa = PBXBuildFile; fileRef = 3EF832D32C60C600BFFCC0F4 /* Pods_ProKG.framework */; };
		F2012BFB264E583A001DFDC4 /* AppDelegate.swift in Sources */ = {isa = PBXBuildFile; fileRef = F2012BFA264E583A001DFDC4 /* AppDelegate.swift */; };
		F2012BFD264E583A001DFDC4 /* SceneDelegate.swift in Sources */ = {isa = PBXBuildFile; fileRef = F2012BFC264E583A001DFDC4 /* SceneDelegate.swift */; };
		F2012BFF264E583A001DFDC4 /* CompetitionViewController.swift in Sources */ = {isa = PBXBuildFile; fileRef = F2012BFE264E583A001DFDC4 /* CompetitionViewController.swift */; };
		F2012C02264E583A001DFDC4 /* Main.storyboard in Resources */ = {isa = PBXBuildFile; fileRef = F2012C00264E583A001DFDC4 /* Main.storyboard */; };
		F2012C07264E583D001DFDC4 /* LaunchScreen.storyboard in Resources */ = {isa = PBXBuildFile; fileRef = F2012C05264E583D001DFDC4 /* LaunchScreen.storyboard */; };
		F2012C16264E587B001DFDC4 /* NewsViewController.swift in Sources */ = {isa = PBXBuildFile; fileRef = F2012C15264E587B001DFDC4 /* NewsViewController.swift */; };
		F211075E266A210E00358CF6 /* Oswald-VariableFont_wght.ttf in Resources */ = {isa = PBXBuildFile; fileRef = F211075D266A210E00358CF6 /* Oswald-VariableFont_wght.ttf */; };
		F22E78B2264E5CED00ACB5AD /* NewsModel.swift in Sources */ = {isa = PBXBuildFile; fileRef = F22E78B1264E5CED00ACB5AD /* NewsModel.swift */; };
		F22E78BE264E614A00ACB5AD /* NewsTableViewCell.swift in Sources */ = {isa = PBXBuildFile; fileRef = F22E78BC264E614A00ACB5AD /* NewsTableViewCell.swift */; };
		F22E78BF264E614A00ACB5AD /* NewsTableViewCell.xib in Resources */ = {isa = PBXBuildFile; fileRef = F22E78BD264E614A00ACB5AD /* NewsTableViewCell.xib */; };
		F22E78CD264E84A900ACB5AD /* constant.swift in Sources */ = {isa = PBXBuildFile; fileRef = F22E78CC264E84A900ACB5AD /* constant.swift */; };
		F233241026689B3C006A3DE2 /* Extension.swift in Sources */ = {isa = PBXBuildFile; fileRef = F233240F26689B3C006A3DE2 /* Extension.swift */; };
		F23324142668A886006A3DE2 /* Assets.xcassets in Resources */ = {isa = PBXBuildFile; fileRef = F23324132668A886006A3DE2 /* Assets.xcassets */; };
		F2953EAC2668FD5A00755C7E /* DoneRegistrationViewController.swift in Sources */ = {isa = PBXBuildFile; fileRef = F2953EAB2668FD5A00755C7E /* DoneRegistrationViewController.swift */; };
		F2A56FDB26773955006DC5B0 /* Lato in Resources */ = {isa = PBXBuildFile; fileRef = F2A56FDA26773955006DC5B0 /* Lato */; };
		F2A56FDE26773986006DC5B0 /* Lato-Black.ttf in Resources */ = {isa = PBXBuildFile; fileRef = F2A56FDD26773986006DC5B0 /* Lato-Black.ttf */; };
		F2A56FE2267739DC006DC5B0 /* Auth.storyboard in Resources */ = {isa = PBXBuildFile; fileRef = F2A56FE1267739DC006DC5B0 /* Auth.storyboard */; };
		F2A56FE526773ADA006DC5B0 /* ControllerFactory.swift in Sources */ = {isa = PBXBuildFile; fileRef = F2A56FE426773ADA006DC5B0 /* ControllerFactory.swift */; };
		F2A56FEE267740DE006DC5B0 /* News.storyboard in Resources */ = {isa = PBXBuildFile; fileRef = F2A56FED267740DE006DC5B0 /* News.storyboard */; };
		F2A56FF4267743F0006DC5B0 /* Competition.storyboard in Resources */ = {isa = PBXBuildFile; fileRef = F2A56FF3267743F0006DC5B0 /* Competition.storyboard */; };
		F2A56FFA26774762006DC5B0 /* UIViewController.swift in Sources */ = {isa = PBXBuildFile; fileRef = F2A56FF926774762006DC5B0 /* UIViewController.swift */; };
		F2A6ECE7265E2C0C009AA1C1 /* CompetitionTableViewCell.swift in Sources */ = {isa = PBXBuildFile; fileRef = F2A6ECE5265E2C0C009AA1C1 /* CompetitionTableViewCell.swift */; };
		F2A6ECE8265E2C0C009AA1C1 /* CompetitionTableViewCell.xib in Resources */ = {isa = PBXBuildFile; fileRef = F2A6ECE6265E2C0C009AA1C1 /* CompetitionTableViewCell.xib */; };
		F2A6ECFA265E3DE0009AA1C1 /* DetailCompetitionViewController.swift in Sources */ = {isa = PBXBuildFile; fileRef = F2A6ECF9265E3DE0009AA1C1 /* DetailCompetitionViewController.swift */; };
		F2A9638B2664DA5C00B006FD /* RegistrationViewController.swift in Sources */ = {isa = PBXBuildFile; fileRef = F2A9638A2664DA5C00B006FD /* RegistrationViewController.swift */; };
		F2A9638E2664DB6500B006FD /* ConfirmationViewController.swift in Sources */ = {isa = PBXBuildFile; fileRef = F2A9638D2664DB6500B006FD /* ConfirmationViewController.swift */; };
		F2A963912664DBE900B006FD /* NumberViewController.swift in Sources */ = {isa = PBXBuildFile; fileRef = F2A963902664DBE900B006FD /* NumberViewController.swift */; };
		F2A963942664DC4C00B006FD /* RoleViewController.swift in Sources */ = {isa = PBXBuildFile; fileRef = F2A963932664DC4C00B006FD /* RoleViewController.swift */; };
		F2D7C2AC266A1641009FF3F8 /* Oswald in Resources */ = {isa = PBXBuildFile; fileRef = F2D7C2AB266A1641009FF3F8 /* Oswald */; };
		F2ED1CDE2658FB69008AAEEF /* HTTPRequest.swift in Sources */ = {isa = PBXBuildFile; fileRef = F2ED1CDD2658FB69008AAEEF /* HTTPRequest.swift */; };
		F2ED1CE22658FE64008AAEEF /* ServerManager.swift in Sources */ = {isa = PBXBuildFile; fileRef = F2ED1CE12658FE64008AAEEF /* ServerManager.swift */; };
		F2ED1CE62659049C008AAEEF /* ServerConstants.swift in Sources */ = {isa = PBXBuildFile; fileRef = F2ED1CE52659049C008AAEEF /* ServerConstants.swift */; };
		F2ED1CE926590591008AAEEF /* HTTPStatusCode.swift in Sources */ = {isa = PBXBuildFile; fileRef = F2ED1CE826590591008AAEEF /* HTTPStatusCode.swift */; };
		F2ED1CED265908AE008AAEEF /* DetailViewController.swift in Sources */ = {isa = PBXBuildFile; fileRef = F2ED1CEC265908AE008AAEEF /* DetailViewController.swift */; };
		F2ED1CF1265910B2008AAEEF /* SignInfo.swift in Sources */ = {isa = PBXBuildFile; fileRef = F2ED1CF0265910B2008AAEEF /* SignInfo.swift */; };
		F2ED1CF926591503008AAEEF /* EventsModel.swift in Sources */ = {isa = PBXBuildFile; fileRef = F2ED1CF826591503008AAEEF /* EventsModel.swift */; };
/* End PBXBuildFile section */

/* Begin PBXFileReference section */
		3EF832D32C60C600BFFCC0F4 /* Pods_ProKG.framework */ = {isa = PBXFileReference; explicitFileType = wrapper.framework; includeInIndex = 0; path = Pods_ProKG.framework; sourceTree = BUILT_PRODUCTS_DIR; };
		4EA330CF0A250C22C97B7961 /* Pods-ProKG.release.xcconfig */ = {isa = PBXFileReference; includeInIndex = 1; lastKnownFileType = text.xcconfig; name = "Pods-ProKG.release.xcconfig"; path = "Target Support Files/Pods-ProKG/Pods-ProKG.release.xcconfig"; sourceTree = "<group>"; };
		C05E895C4E79BE3C14F511F3 /* Pods-ProKG.debug.xcconfig */ = {isa = PBXFileReference; includeInIndex = 1; lastKnownFileType = text.xcconfig; name = "Pods-ProKG.debug.xcconfig"; path = "Target Support Files/Pods-ProKG/Pods-ProKG.debug.xcconfig"; sourceTree = "<group>"; };
		F2012BF7264E583A001DFDC4 /* ProKG.app */ = {isa = PBXFileReference; explicitFileType = wrapper.application; includeInIndex = 0; path = ProKG.app; sourceTree = BUILT_PRODUCTS_DIR; };
		F2012BFA264E583A001DFDC4 /* AppDelegate.swift */ = {isa = PBXFileReference; lastKnownFileType = sourcecode.swift; path = AppDelegate.swift; sourceTree = "<group>"; };
		F2012BFC264E583A001DFDC4 /* SceneDelegate.swift */ = {isa = PBXFileReference; lastKnownFileType = sourcecode.swift; path = SceneDelegate.swift; sourceTree = "<group>"; };
		F2012BFE264E583A001DFDC4 /* CompetitionViewController.swift */ = {isa = PBXFileReference; lastKnownFileType = sourcecode.swift; path = CompetitionViewController.swift; sourceTree = "<group>"; };
		F2012C01264E583A001DFDC4 /* Base */ = {isa = PBXFileReference; lastKnownFileType = file.storyboard; name = Base; path = Base.lproj/Main.storyboard; sourceTree = "<group>"; };
		F2012C06264E583D001DFDC4 /* Base */ = {isa = PBXFileReference; lastKnownFileType = file.storyboard; name = Base; path = Base.lproj/LaunchScreen.storyboard; sourceTree = "<group>"; };
		F2012C08264E583D001DFDC4 /* Info.plist */ = {isa = PBXFileReference; lastKnownFileType = text.plist.xml; path = Info.plist; sourceTree = "<group>"; };
		F2012C15264E587B001DFDC4 /* NewsViewController.swift */ = {isa = PBXFileReference; lastKnownFileType = sourcecode.swift; path = NewsViewController.swift; sourceTree = "<group>"; };
		F211075D266A210E00358CF6 /* Oswald-VariableFont_wght.ttf */ = {isa = PBXFileReference; lastKnownFileType = file; path = "Oswald-VariableFont_wght.ttf"; sourceTree = "<group>"; };
		F22E78B1264E5CED00ACB5AD /* NewsModel.swift */ = {isa = PBXFileReference; lastKnownFileType = sourcecode.swift; path = NewsModel.swift; sourceTree = "<group>"; };
		F22E78BC264E614A00ACB5AD /* NewsTableViewCell.swift */ = {isa = PBXFileReference; lastKnownFileType = sourcecode.swift; path = NewsTableViewCell.swift; sourceTree = "<group>"; };
		F22E78BD264E614A00ACB5AD /* NewsTableViewCell.xib */ = {isa = PBXFileReference; lastKnownFileType = file.xib; path = NewsTableViewCell.xib; sourceTree = "<group>"; };
		F22E78CC264E84A900ACB5AD /* constant.swift */ = {isa = PBXFileReference; lastKnownFileType = sourcecode.swift; path = constant.swift; sourceTree = "<group>"; };
		F233240F26689B3C006A3DE2 /* Extension.swift */ = {isa = PBXFileReference; lastKnownFileType = sourcecode.swift; path = Extension.swift; sourceTree = "<group>"; };
		F23324132668A886006A3DE2 /* Assets.xcassets */ = {isa = PBXFileReference; lastKnownFileType = folder.assetcatalog; path = Assets.xcassets; sourceTree = "<group>"; };
		F2953EAB2668FD5A00755C7E /* DoneRegistrationViewController.swift */ = {isa = PBXFileReference; lastKnownFileType = sourcecode.swift; path = DoneRegistrationViewController.swift; sourceTree = "<group>"; };
		F2A56FDA26773955006DC5B0 /* Lato */ = {isa = PBXFileReference; lastKnownFileType = folder; path = Lato; sourceTree = "<group>"; };
		F2A56FDD26773986006DC5B0 /* Lato-Black.ttf */ = {isa = PBXFileReference; lastKnownFileType = file; path = "Lato-Black.ttf"; sourceTree = "<group>"; };
		F2A56FE1267739DC006DC5B0 /* Auth.storyboard */ = {isa = PBXFileReference; lastKnownFileType = file.storyboard; path = Auth.storyboard; sourceTree = "<group>"; };
		F2A56FE426773ADA006DC5B0 /* ControllerFactory.swift */ = {isa = PBXFileReference; lastKnownFileType = sourcecode.swift; path = ControllerFactory.swift; sourceTree = "<group>"; };
		F2A56FED267740DE006DC5B0 /* News.storyboard */ = {isa = PBXFileReference; lastKnownFileType = file.storyboard; path = News.storyboard; sourceTree = "<group>"; };
		F2A56FF3267743F0006DC5B0 /* Competition.storyboard */ = {isa = PBXFileReference; lastKnownFileType = file.storyboard; path = Competition.storyboard; sourceTree = "<group>"; };
		F2A56FF926774762006DC5B0 /* UIViewController.swift */ = {isa = PBXFileReference; lastKnownFileType = sourcecode.swift; path = UIViewController.swift; sourceTree = "<group>"; };
		F2A6ECE5265E2C0C009AA1C1 /* CompetitionTableViewCell.swift */ = {isa = PBXFileReference; lastKnownFileType = sourcecode.swift; path = CompetitionTableViewCell.swift; sourceTree = "<group>"; };
		F2A6ECE6265E2C0C009AA1C1 /* CompetitionTableViewCell.xib */ = {isa = PBXFileReference; lastKnownFileType = file.xib; path = CompetitionTableViewCell.xib; sourceTree = "<group>"; };
		F2A6ECF9265E3DE0009AA1C1 /* DetailCompetitionViewController.swift */ = {isa = PBXFileReference; lastKnownFileType = sourcecode.swift; path = DetailCompetitionViewController.swift; sourceTree = "<group>"; };
		F2A9638A2664DA5C00B006FD /* RegistrationViewController.swift */ = {isa = PBXFileReference; lastKnownFileType = sourcecode.swift; path = RegistrationViewController.swift; sourceTree = "<group>"; };
		F2A9638D2664DB6500B006FD /* ConfirmationViewController.swift */ = {isa = PBXFileReference; lastKnownFileType = sourcecode.swift; path = ConfirmationViewController.swift; sourceTree = "<group>"; };
		F2A963902664DBE900B006FD /* NumberViewController.swift */ = {isa = PBXFileReference; lastKnownFileType = sourcecode.swift; path = NumberViewController.swift; sourceTree = "<group>"; };
		F2A963932664DC4C00B006FD /* RoleViewController.swift */ = {isa = PBXFileReference; lastKnownFileType = sourcecode.swift; path = RoleViewController.swift; sourceTree = "<group>"; };
		F2D7C2AB266A1641009FF3F8 /* Oswald */ = {isa = PBXFileReference; lastKnownFileType = folder; path = Oswald; sourceTree = "<group>"; };
		F2ED1CDD2658FB69008AAEEF /* HTTPRequest.swift */ = {isa = PBXFileReference; lastKnownFileType = sourcecode.swift; path = HTTPRequest.swift; sourceTree = "<group>"; };
		F2ED1CE12658FE64008AAEEF /* ServerManager.swift */ = {isa = PBXFileReference; lastKnownFileType = sourcecode.swift; path = ServerManager.swift; sourceTree = "<group>"; };
		F2ED1CE52659049C008AAEEF /* ServerConstants.swift */ = {isa = PBXFileReference; lastKnownFileType = sourcecode.swift; path = ServerConstants.swift; sourceTree = "<group>"; };
		F2ED1CE826590591008AAEEF /* HTTPStatusCode.swift */ = {isa = PBXFileReference; lastKnownFileType = sourcecode.swift; path = HTTPStatusCode.swift; sourceTree = "<group>"; };
		F2ED1CEC265908AE008AAEEF /* DetailViewController.swift */ = {isa = PBXFileReference; lastKnownFileType = sourcecode.swift; path = DetailViewController.swift; sourceTree = "<group>"; };
		F2ED1CF0265910B2008AAEEF /* SignInfo.swift */ = {isa = PBXFileReference; lastKnownFileType = sourcecode.swift; path = SignInfo.swift; sourceTree = "<group>"; };
		F2ED1CF826591503008AAEEF /* EventsModel.swift */ = {isa = PBXFileReference; lastKnownFileType = sourcecode.swift; path = EventsModel.swift; sourceTree = "<group>"; };
/* End PBXFileReference section */

/* Begin PBXFrameworksBuildPhase section */
		F2012BF4264E583A001DFDC4 /* Frameworks */ = {
			isa = PBXFrameworksBuildPhase;
			buildActionMask = 2147483647;
			files = (
				AE9D32195411FBA337EBA84C /* Pods_ProKG.framework in Frameworks */,
			);
			runOnlyForDeploymentPostprocessing = 0;
		};
/* End PBXFrameworksBuildPhase section */

/* Begin PBXGroup section */
		22D8D0381C4FFDF05863030A /* Frameworks */ = {
			isa = PBXGroup;
			children = (
				3EF832D32C60C600BFFCC0F4 /* Pods_ProKG.framework */,
			);
			name = Frameworks;
			sourceTree = "<group>";
		};
		CF959FDB8A73A58AD9C4F057 /* Pods */ = {
			isa = PBXGroup;
			children = (
				C05E895C4E79BE3C14F511F3 /* Pods-ProKG.debug.xcconfig */,
				4EA330CF0A250C22C97B7961 /* Pods-ProKG.release.xcconfig */,
			);
			path = Pods;
			sourceTree = "<group>";
		};
		F2012BEE264E583A001DFDC4 = {
			isa = PBXGroup;
			children = (
				F2A56FDD26773986006DC5B0 /* Lato-Black.ttf */,
				F211075D266A210E00358CF6 /* Oswald-VariableFont_wght.ttf */,
				F2012BF9264E583A001DFDC4 /* ProKG */,
				F2012BF8264E583A001DFDC4 /* Products */,
				CF959FDB8A73A58AD9C4F057 /* Pods */,
				22D8D0381C4FFDF05863030A /* Frameworks */,
			);
			sourceTree = "<group>";
		};
		F2012BF8264E583A001DFDC4 /* Products */ = {
			isa = PBXGroup;
			children = (
				F2012BF7264E583A001DFDC4 /* ProKG.app */,
			);
			name = Products;
			sourceTree = "<group>";
		};
		F2012BF9264E583A001DFDC4 /* ProKG */ = {
			isa = PBXGroup;
			children = (
				F2ED1CDC2658FB55008AAEEF /* Server  */,
				F22E78CB264E843D00ACB5AD /* View */,
				F22E78B0264E5CD500ACB5AD /* Models */,
				F2012C0F264E5860001DFDC4 /* Controllers */,
				F2A56FE02677398D006DC5B0 /* Resources */,
				F22E78C1264E668800ACB5AD /* Extensions */,
				F22E78CA264E842500ACB5AD /* Supportinf Stuff */,
				F2A56FF02677420B006DC5B0 /* Сommon */,
				F2012C08264E583D001DFDC4 /* Info.plist */,
			);
			path = ProKG;
			sourceTree = "<group>";
		};
		F2012C0F264E5860001DFDC4 /* Controllers */ = {
			isa = PBXGroup;
			children = (
				F2ED1CEB26590894008AAEEF /* News controllers */,
				F2A56FF62677445F006DC5B0 /* Competition */,
				F2A963882664DA1100B006FD /* Authorization Controllers */,
			);
			path = Controllers;
			sourceTree = "<group>";
		};
		F22E78B0264E5CD500ACB5AD /* Models */ = {
			isa = PBXGroup;
			children = (
				F22E78B1264E5CED00ACB5AD /* NewsModel.swift */,
				F2ED1CF0265910B2008AAEEF /* SignInfo.swift */,
				F2ED1CF826591503008AAEEF /* EventsModel.swift */,
			);
			path = Models;
			sourceTree = "<group>";
		};
		F22E78B7264E60A100ACB5AD /* Cells */ = {
			isa = PBXGroup;
			children = (
				F22E78BC264E614A00ACB5AD /* NewsTableViewCell.swift */,
				F22E78BD264E614A00ACB5AD /* NewsTableViewCell.xib */,
				F2A6ECE5265E2C0C009AA1C1 /* CompetitionTableViewCell.swift */,
				F2A6ECE6265E2C0C009AA1C1 /* CompetitionTableViewCell.xib */,
			);
			path = Cells;
			sourceTree = "<group>";
		};
		F22E78C1264E668800ACB5AD /* Extensions */ = {
			isa = PBXGroup;
			children = (
				F233240F26689B3C006A3DE2 /* Extension.swift */,
				F2A56FF926774762006DC5B0 /* UIViewController.swift */,
			);
			path = Extensions;
			sourceTree = "<group>";
		};
		F22E78CA264E842500ACB5AD /* Supportinf Stuff */ = {
			isa = PBXGroup;
			children = (
				F2012C05264E583D001DFDC4 /* LaunchScreen.storyboard */,
				F2012BFC264E583A001DFDC4 /* SceneDelegate.swift */,
				F2012BFA264E583A001DFDC4 /* AppDelegate.swift */,
			);
			path = "Supportinf Stuff";
			sourceTree = "<group>";
		};
		F22E78CB264E843D00ACB5AD /* View */ = {
			isa = PBXGroup;
			children = (
				F22E78B7264E60A100ACB5AD /* Cells */,
				F2A56FF2267742D6006DC5B0 /* StoryBoards */,
			);
			path = View;
			sourceTree = "<group>";
		};
		F2A56FE02677398D006DC5B0 /* Resources */ = {
			isa = PBXGroup;
			children = (
				F23324132668A886006A3DE2 /* Assets.xcassets */,
				F2D7C2AB266A1641009FF3F8 /* Oswald */,
				F2A56FDA26773955006DC5B0 /* Lato */,
			);
			path = Resources;
			sourceTree = "<group>";
		};
		F2A56FF02677420B006DC5B0 /* Сommon */ = {
			isa = PBXGroup;
			children = (
				F22E78CC264E84A900ACB5AD /* constant.swift */,
				F2A56FE426773ADA006DC5B0 /* ControllerFactory.swift */,
			);
			path = "Сommon";
			sourceTree = "<group>";
		};
		F2A56FF2267742D6006DC5B0 /* StoryBoards */ = {
			isa = PBXGroup;
			children = (
				F2012C00264E583A001DFDC4 /* Main.storyboard */,
				F2A56FE1267739DC006DC5B0 /* Auth.storyboard */,
				F2A56FED267740DE006DC5B0 /* News.storyboard */,
				F2A56FF3267743F0006DC5B0 /* Competition.storyboard */,
			);
			path = StoryBoards;
			sourceTree = "<group>";
		};
		F2A56FF62677445F006DC5B0 /* Competition */ = {
			isa = PBXGroup;
			children = (
				F2A6ECF9265E3DE0009AA1C1 /* DetailCompetitionViewController.swift */,
				F2012BFE264E583A001DFDC4 /* CompetitionViewController.swift */,
			);
			path = Competition;
			sourceTree = "<group>";
		};
		F2A963882664DA1100B006FD /* Authorization Controllers */ = {
			isa = PBXGroup;
			children = (
				F2A963932664DC4C00B006FD /* RoleViewController.swift */,
				F2A963902664DBE900B006FD /* NumberViewController.swift */,
				F2A9638D2664DB6500B006FD /* ConfirmationViewController.swift */,
				F2A9638A2664DA5C00B006FD /* RegistrationViewController.swift */,
				F2953EAB2668FD5A00755C7E /* DoneRegistrationViewController.swift */,
			);
			path = "Authorization Controllers";
			sourceTree = "<group>";
		};
		F2ED1CDC2658FB55008AAEEF /* Server  */ = {
			isa = PBXGroup;
			children = (
				F2ED1CDD2658FB69008AAEEF /* HTTPRequest.swift */,
				F2ED1CE12658FE64008AAEEF /* ServerManager.swift */,
				F2ED1CE52659049C008AAEEF /* ServerConstants.swift */,
				F2ED1CE826590591008AAEEF /* HTTPStatusCode.swift */,
			);
			path = "Server ";
			sourceTree = "<group>";
		};
		F2ED1CEB26590894008AAEEF /* News controllers */ = {
			isa = PBXGroup;
			children = (
				F2012C15264E587B001DFDC4 /* NewsViewController.swift */,
				F2ED1CEC265908AE008AAEEF /* DetailViewController.swift */,
			);
			path = "News controllers";
			sourceTree = "<group>";
		};
/* End PBXGroup section */

/* Begin PBXNativeTarget section */
		F2012BF6264E583A001DFDC4 /* ProKG */ = {
			isa = PBXNativeTarget;
			buildConfigurationList = F2012C0B264E583D001DFDC4 /* Build configuration list for PBXNativeTarget "ProKG" */;
			buildPhases = (
				517EE5B1CE53E9771D76C8D3 /* [CP] Check Pods Manifest.lock */,
				F2012BF3264E583A001DFDC4 /* Sources */,
				F2012BF4264E583A001DFDC4 /* Frameworks */,
				F2012BF5264E583A001DFDC4 /* Resources */,
				3212F8651F57DB18EE05F987 /* [CP] Embed Pods Frameworks */,
			);
			buildRules = (
			);
			dependencies = (
			);
			name = ProKG;
			productName = ProKG;
			productReference = F2012BF7264E583A001DFDC4 /* ProKG.app */;
			productType = "com.apple.product-type.application";
		};
/* End PBXNativeTarget section */

/* Begin PBXProject section */
		F2012BEF264E583A001DFDC4 /* Project object */ = {
			isa = PBXProject;
			attributes = {
				LastSwiftUpdateCheck = 1230;
				LastUpgradeCheck = 1230;
				TargetAttributes = {
					F2012BF6264E583A001DFDC4 = {
						CreatedOnToolsVersion = 12.3;
					};
				};
			};
			buildConfigurationList = F2012BF2264E583A001DFDC4 /* Build configuration list for PBXProject "ProKG" */;
			compatibilityVersion = "Xcode 9.3";
			developmentRegion = en;
			hasScannedForEncodings = 0;
			knownRegions = (
				en,
				Base,
			);
			mainGroup = F2012BEE264E583A001DFDC4;
			productRefGroup = F2012BF8264E583A001DFDC4 /* Products */;
			projectDirPath = "";
			projectRoot = "";
			targets = (
				F2012BF6264E583A001DFDC4 /* ProKG */,
			);
		};
/* End PBXProject section */

/* Begin PBXResourcesBuildPhase section */
		F2012BF5264E583A001DFDC4 /* Resources */ = {
			isa = PBXResourcesBuildPhase;
			buildActionMask = 2147483647;
			files = (
				F2A56FF4267743F0006DC5B0 /* Competition.storyboard in Resources */,
				F2A56FDE26773986006DC5B0 /* Lato-Black.ttf in Resources */,
				F211075E266A210E00358CF6 /* Oswald-VariableFont_wght.ttf in Resources */,
				F2A56FE2267739DC006DC5B0 /* Auth.storyboard in Resources */,
				F2D7C2AC266A1641009FF3F8 /* Oswald in Resources */,
				F2012C07264E583D001DFDC4 /* LaunchScreen.storyboard in Resources */,
				F2A56FEE267740DE006DC5B0 /* News.storyboard in Resources */,
				F2A6ECE8265E2C0C009AA1C1 /* CompetitionTableViewCell.xib in Resources */,
				F2A56FDB26773955006DC5B0 /* Lato in Resources */,
				F22E78BF264E614A00ACB5AD /* NewsTableViewCell.xib in Resources */,
				F2012C02264E583A001DFDC4 /* Main.storyboard in Resources */,
				F23324142668A886006A3DE2 /* Assets.xcassets in Resources */,
			);
			runOnlyForDeploymentPostprocessing = 0;
		};
/* End PBXResourcesBuildPhase section */

/* Begin PBXShellScriptBuildPhase section */
		3212F8651F57DB18EE05F987 /* [CP] Embed Pods Frameworks */ = {
			isa = PBXShellScriptBuildPhase;
			buildActionMask = 2147483647;
			files = (
			);
			inputFileListPaths = (
				"${PODS_ROOT}/Target Support Files/Pods-ProKG/Pods-ProKG-frameworks-${CONFIGURATION}-input-files.xcfilelist",
			);
			name = "[CP] Embed Pods Frameworks";
			outputFileListPaths = (
				"${PODS_ROOT}/Target Support Files/Pods-ProKG/Pods-ProKG-frameworks-${CONFIGURATION}-output-files.xcfilelist",
			);
			runOnlyForDeploymentPostprocessing = 0;
			shellPath = /bin/sh;
			shellScript = "\"${PODS_ROOT}/Target Support Files/Pods-ProKG/Pods-ProKG-frameworks.sh\"\n";
			showEnvVarsInLog = 0;
		};
		517EE5B1CE53E9771D76C8D3 /* [CP] Check Pods Manifest.lock */ = {
			isa = PBXShellScriptBuildPhase;
			buildActionMask = 2147483647;
			files = (
			);
			inputFileListPaths = (
			);
			inputPaths = (
				"${PODS_PODFILE_DIR_PATH}/Podfile.lock",
				"${PODS_ROOT}/Manifest.lock",
			);
			name = "[CP] Check Pods Manifest.lock";
			outputFileListPaths = (
			);
			outputPaths = (
				"$(DERIVED_FILE_DIR)/Pods-ProKG-checkManifestLockResult.txt",
			);
			runOnlyForDeploymentPostprocessing = 0;
			shellPath = /bin/sh;
			shellScript = "diff \"${PODS_PODFILE_DIR_PATH}/Podfile.lock\" \"${PODS_ROOT}/Manifest.lock\" > /dev/null\nif [ $? != 0 ] ; then\n    # print error to STDERR\n    echo \"error: The sandbox is not in sync with the Podfile.lock. Run 'pod install' or update your CocoaPods installation.\" >&2\n    exit 1\nfi\n# This output is used by Xcode 'outputs' to avoid re-running this script phase.\necho \"SUCCESS\" > \"${SCRIPT_OUTPUT_FILE_0}\"\n";
			showEnvVarsInLog = 0;
		};
/* End PBXShellScriptBuildPhase section */

/* Begin PBXSourcesBuildPhase section */
		F2012BF3264E583A001DFDC4 /* Sources */ = {
			isa = PBXSourcesBuildPhase;
			buildActionMask = 2147483647;
			files = (
				F2A963912664DBE900B006FD /* NumberViewController.swift in Sources */,
				F2A6ECFA265E3DE0009AA1C1 /* DetailCompetitionViewController.swift in Sources */,
				F2A56FFA26774762006DC5B0 /* UIViewController.swift in Sources */,
				F2A6ECE7265E2C0C009AA1C1 /* CompetitionTableViewCell.swift in Sources */,
				F22E78B2264E5CED00ACB5AD /* NewsModel.swift in Sources */,
				F2ED1CF926591503008AAEEF /* EventsModel.swift in Sources */,
				F2012BFF264E583A001DFDC4 /* CompetitionViewController.swift in Sources */,
				F22E78BE264E614A00ACB5AD /* NewsTableViewCell.swift in Sources */,
				F2012BFB264E583A001DFDC4 /* AppDelegate.swift in Sources */,
				F2ED1CE926590591008AAEEF /* HTTPStatusCode.swift in Sources */,
				F2012C16264E587B001DFDC4 /* NewsViewController.swift in Sources */,
				F2A9638B2664DA5C00B006FD /* RegistrationViewController.swift in Sources */,
				F2A963942664DC4C00B006FD /* RoleViewController.swift in Sources */,
				F2ED1CE62659049C008AAEEF /* ServerConstants.swift in Sources */,
				F22E78CD264E84A900ACB5AD /* constant.swift in Sources */,
				F2ED1CDE2658FB69008AAEEF /* HTTPRequest.swift in Sources */,
				F2A56FE526773ADA006DC5B0 /* ControllerFactory.swift in Sources */,
				F2ED1CED265908AE008AAEEF /* DetailViewController.swift in Sources */,
				F2ED1CE22658FE64008AAEEF /* ServerManager.swift in Sources */,
				F2012BFD264E583A001DFDC4 /* SceneDelegate.swift in Sources */,
				F2953EAC2668FD5A00755C7E /* DoneRegistrationViewController.swift in Sources */,
				F2ED1CF1265910B2008AAEEF /* SignInfo.swift in Sources */,
				F233241026689B3C006A3DE2 /* Extension.swift in Sources */,
				F2A9638E2664DB6500B006FD /* ConfirmationViewController.swift in Sources */,
			);
			runOnlyForDeploymentPostprocessing = 0;
		};
/* End PBXSourcesBuildPhase section */

/* Begin PBXVariantGroup section */
		F2012C00264E583A001DFDC4 /* Main.storyboard */ = {
			isa = PBXVariantGroup;
			children = (
				F2012C01264E583A001DFDC4 /* Base */,
			);
			name = Main.storyboard;
			sourceTree = "<group>";
		};
		F2012C05264E583D001DFDC4 /* LaunchScreen.storyboard */ = {
			isa = PBXVariantGroup;
			children = (
				F2012C06264E583D001DFDC4 /* Base */,
			);
			name = LaunchScreen.storyboard;
			sourceTree = "<group>";
		};
/* End PBXVariantGroup section */

/* Begin XCBuildConfiguration section */
		F2012C09264E583D001DFDC4 /* Debug */ = {
			isa = XCBuildConfiguration;
			buildSettings = {
				ALWAYS_SEARCH_USER_PATHS = NO;
				CLANG_ANALYZER_NONNULL = YES;
				CLANG_ANALYZER_NUMBER_OBJECT_CONVERSION = YES_AGGRESSIVE;
				CLANG_CXX_LANGUAGE_STANDARD = "gnu++14";
				CLANG_CXX_LIBRARY = "libc++";
				CLANG_ENABLE_MODULES = YES;
				CLANG_ENABLE_OBJC_ARC = YES;
				CLANG_ENABLE_OBJC_WEAK = YES;
				CLANG_WARN_BLOCK_CAPTURE_AUTORELEASING = YES;
				CLANG_WARN_BOOL_CONVERSION = YES;
				CLANG_WARN_COMMA = YES;
				CLANG_WARN_CONSTANT_CONVERSION = YES;
				CLANG_WARN_DEPRECATED_OBJC_IMPLEMENTATIONS = YES;
				CLANG_WARN_DIRECT_OBJC_ISA_USAGE = YES_ERROR;
				CLANG_WARN_DOCUMENTATION_COMMENTS = YES;
				CLANG_WARN_EMPTY_BODY = YES;
				CLANG_WARN_ENUM_CONVERSION = YES;
				CLANG_WARN_INFINITE_RECURSION = YES;
				CLANG_WARN_INT_CONVERSION = YES;
				CLANG_WARN_NON_LITERAL_NULL_CONVERSION = YES;
				CLANG_WARN_OBJC_IMPLICIT_RETAIN_SELF = YES;
				CLANG_WARN_OBJC_LITERAL_CONVERSION = YES;
				CLANG_WARN_OBJC_ROOT_CLASS = YES_ERROR;
				CLANG_WARN_QUOTED_INCLUDE_IN_FRAMEWORK_HEADER = YES;
				CLANG_WARN_RANGE_LOOP_ANALYSIS = YES;
				CLANG_WARN_STRICT_PROTOTYPES = YES;
				CLANG_WARN_SUSPICIOUS_MOVE = YES;
				CLANG_WARN_UNGUARDED_AVAILABILITY = YES_AGGRESSIVE;
				CLANG_WARN_UNREACHABLE_CODE = YES;
				CLANG_WARN__DUPLICATE_METHOD_MATCH = YES;
				COPY_PHASE_STRIP = NO;
				DEBUG_INFORMATION_FORMAT = dwarf;
				ENABLE_STRICT_OBJC_MSGSEND = YES;
				ENABLE_TESTABILITY = YES;
				GCC_C_LANGUAGE_STANDARD = gnu11;
				GCC_DYNAMIC_NO_PIC = NO;
				GCC_NO_COMMON_BLOCKS = YES;
				GCC_OPTIMIZATION_LEVEL = 0;
				GCC_PREPROCESSOR_DEFINITIONS = (
					"DEBUG=1",
					"$(inherited)",
				);
				GCC_WARN_64_TO_32_BIT_CONVERSION = YES;
				GCC_WARN_ABOUT_RETURN_TYPE = YES_ERROR;
				GCC_WARN_UNDECLARED_SELECTOR = YES;
				GCC_WARN_UNINITIALIZED_AUTOS = YES_AGGRESSIVE;
				GCC_WARN_UNUSED_FUNCTION = YES;
				GCC_WARN_UNUSED_VARIABLE = YES;
				IPHONEOS_DEPLOYMENT_TARGET = 14.3;
				MTL_ENABLE_DEBUG_INFO = INCLUDE_SOURCE;
				MTL_FAST_MATH = YES;
				ONLY_ACTIVE_ARCH = YES;
				SDKROOT = iphoneos;
				SWIFT_ACTIVE_COMPILATION_CONDITIONS = DEBUG;
				SWIFT_OPTIMIZATION_LEVEL = "-Onone";
			};
			name = Debug;
		};
		F2012C0A264E583D001DFDC4 /* Release */ = {
			isa = XCBuildConfiguration;
			buildSettings = {
				ALWAYS_SEARCH_USER_PATHS = NO;
				CLANG_ANALYZER_NONNULL = YES;
				CLANG_ANALYZER_NUMBER_OBJECT_CONVERSION = YES_AGGRESSIVE;
				CLANG_CXX_LANGUAGE_STANDARD = "gnu++14";
				CLANG_CXX_LIBRARY = "libc++";
				CLANG_ENABLE_MODULES = YES;
				CLANG_ENABLE_OBJC_ARC = YES;
				CLANG_ENABLE_OBJC_WEAK = YES;
				CLANG_WARN_BLOCK_CAPTURE_AUTORELEASING = YES;
				CLANG_WARN_BOOL_CONVERSION = YES;
				CLANG_WARN_COMMA = YES;
				CLANG_WARN_CONSTANT_CONVERSION = YES;
				CLANG_WARN_DEPRECATED_OBJC_IMPLEMENTATIONS = YES;
				CLANG_WARN_DIRECT_OBJC_ISA_USAGE = YES_ERROR;
				CLANG_WARN_DOCUMENTATION_COMMENTS = YES;
				CLANG_WARN_EMPTY_BODY = YES;
				CLANG_WARN_ENUM_CONVERSION = YES;
				CLANG_WARN_INFINITE_RECURSION = YES;
				CLANG_WARN_INT_CONVERSION = YES;
				CLANG_WARN_NON_LITERAL_NULL_CONVERSION = YES;
				CLANG_WARN_OBJC_IMPLICIT_RETAIN_SELF = YES;
				CLANG_WARN_OBJC_LITERAL_CONVERSION = YES;
				CLANG_WARN_OBJC_ROOT_CLASS = YES_ERROR;
				CLANG_WARN_QUOTED_INCLUDE_IN_FRAMEWORK_HEADER = YES;
				CLANG_WARN_RANGE_LOOP_ANALYSIS = YES;
				CLANG_WARN_STRICT_PROTOTYPES = YES;
				CLANG_WARN_SUSPICIOUS_MOVE = YES;
				CLANG_WARN_UNGUARDED_AVAILABILITY = YES_AGGRESSIVE;
				CLANG_WARN_UNREACHABLE_CODE = YES;
				CLANG_WARN__DUPLICATE_METHOD_MATCH = YES;
				COPY_PHASE_STRIP = NO;
				DEBUG_INFORMATION_FORMAT = "dwarf-with-dsym";
				ENABLE_NS_ASSERTIONS = NO;
				ENABLE_STRICT_OBJC_MSGSEND = YES;
				GCC_C_LANGUAGE_STANDARD = gnu11;
				GCC_NO_COMMON_BLOCKS = YES;
				GCC_WARN_64_TO_32_BIT_CONVERSION = YES;
				GCC_WARN_ABOUT_RETURN_TYPE = YES_ERROR;
				GCC_WARN_UNDECLARED_SELECTOR = YES;
				GCC_WARN_UNINITIALIZED_AUTOS = YES_AGGRESSIVE;
				GCC_WARN_UNUSED_FUNCTION = YES;
				GCC_WARN_UNUSED_VARIABLE = YES;
				IPHONEOS_DEPLOYMENT_TARGET = 14.3;
				MTL_ENABLE_DEBUG_INFO = NO;
				MTL_FAST_MATH = YES;
				SDKROOT = iphoneos;
				SWIFT_COMPILATION_MODE = wholemodule;
				SWIFT_OPTIMIZATION_LEVEL = "-O";
				VALIDATE_PRODUCT = YES;
			};
			name = Release;
		};
		F2012C0C264E583D001DFDC4 /* Debug */ = {
			isa = XCBuildConfiguration;
			baseConfigurationReference = C05E895C4E79BE3C14F511F3 /* Pods-ProKG.debug.xcconfig */;
			buildSettings = {
				ASSETCATALOG_COMPILER_APPICON_NAME = AppIcon;
				ASSETCATALOG_COMPILER_GLOBAL_ACCENT_COLOR_NAME = AccentColor;
				CODE_SIGN_STYLE = Automatic;
				DEVELOPMENT_TEAM = 57ZJPHWU8J;
				INFOPLIST_FILE = ProKG/Info.plist;
				IPHONEOS_DEPLOYMENT_TARGET = 14.3;
				LD_RUNPATH_SEARCH_PATHS = (
					"$(inherited)",
					"@executable_path/Frameworks",
				);
				PRODUCT_BUNDLE_IDENTIFIER = com.ostep.ProKG;
				PRODUCT_NAME = "$(TARGET_NAME)";
				SWIFT_VERSION = 5.0;
				TARGETED_DEVICE_FAMILY = "1,2";
			};
			name = Debug;
		};
		F2012C0D264E583D001DFDC4 /* Release */ = {
			isa = XCBuildConfiguration;
			baseConfigurationReference = 4EA330CF0A250C22C97B7961 /* Pods-ProKG.release.xcconfig */;
			buildSettings = {
				ASSETCATALOG_COMPILER_APPICON_NAME = AppIcon;
				ASSETCATALOG_COMPILER_GLOBAL_ACCENT_COLOR_NAME = AccentColor;
				CODE_SIGN_STYLE = Automatic;
				DEVELOPMENT_TEAM = 57ZJPHWU8J;
				INFOPLIST_FILE = ProKG/Info.plist;
				IPHONEOS_DEPLOYMENT_TARGET = 14.3;
				LD_RUNPATH_SEARCH_PATHS = (
					"$(inherited)",
					"@executable_path/Frameworks",
				);
				PRODUCT_BUNDLE_IDENTIFIER = com.ostep.ProKG;
				PRODUCT_NAME = "$(TARGET_NAME)";
				SWIFT_VERSION = 5.0;
				TARGETED_DEVICE_FAMILY = "1,2";
			};
			name = Release;
		};
/* End XCBuildConfiguration section */

/* Begin XCConfigurationList section */
		F2012BF2264E583A001DFDC4 /* Build configuration list for PBXProject "ProKG" */ = {
			isa = XCConfigurationList;
			buildConfigurations = (
				F2012C09264E583D001DFDC4 /* Debug */,
				F2012C0A264E583D001DFDC4 /* Release */,
			);
			defaultConfigurationIsVisible = 0;
			defaultConfigurationName = Release;
		};
		F2012C0B264E583D001DFDC4 /* Build configuration list for PBXNativeTarget "ProKG" */ = {
			isa = XCConfigurationList;
			buildConfigurations = (
				F2012C0C264E583D001DFDC4 /* Debug */,
				F2012C0D264E583D001DFDC4 /* Release */,
			);
			defaultConfigurationIsVisible = 0;
			defaultConfigurationName = Release;
		};
/* End XCConfigurationList section */
	};
	rootObject = F2012BEF264E583A001DFDC4 /* Project object */;
}
